{
  "requires": true,
  "lockfileVersion": 1,
  "dependencies": {
    "angular-simple-pagination": {
      "version": "1.0.5",
      "resolved": "https://registry.npmjs.org/angular-simple-pagination/-/angular-simple-pagination-1.0.5.tgz",
      "integrity": "sha1-idRegvWa/ITe0HK0bUvVCdFQDO8="
    }
  }
}
